
Microsoft Visual Studio Solution File, Format Version 12.00
# Visual Studio Version 16
VisualStudioVersion = 16.0.29519.181
MinimumVisualStudioVersion = 10.0.40219.1
Project("{FAE04EC0-301F-11D3-BF4B-00C04F79EFBC}") = "SampleEF", "SampleEF\SampleEF.csproj", "{474ADBB9-2B97-4476-A344-A8C2233CA049}"
EndProject
Global
	GlobalSection(SolutionConfigurationPlatforms) = preSolution
		Debug|Any CPU = Debug|Any CPU
		Release|Any CPU = Release|Any CPU
	EndGlobalSection
	GlobalSection(ProjectConfigurationPlatforms) = postSolution
		{474ADBB9-2B97-4476-A344-A8C2233CA049}.Debug|Any CPU.ActiveCfg = Debug|Any CPU
		{474ADBB9-2B97-4476-A344-A8C2233CA049}.Debug|Any CPU.Build.0 = Debug|Any CPU
		{474ADBB9-2B97-4476-A344-A8C2233CA049}.Release|Any CPU.ActiveCfg = Release|Any CPU
		{474ADBB9-2B97-4476-A344-A8C2233CA049}.Release|Any CPU.Build.0 = Release|Any CPU
	EndGlobalSection
	GlobalSection(SolutionProperties) = preSolution
		HideSolutionNode = FALSE
	EndGlobalSection
	GlobalSection(ExtensibilityGlobals) = postSolution
		SolutionGuid = {46385354-586A-42C2-8C1C-EAB6FD3F2488}
	EndGlobalSection
EndGlobal
